
Microsoft Visual Studio Solution File, Format Version 12.00
# Visual Studio Version 16
VisualStudioVersion = 16.0.34601.136
MinimumVisualStudioVersion = 10.0.40219.1
Project("{FAE04EC0-301F-11D3-BF4B-00C04F79EFBC}") = "МАПО_ПР№08_Аксеновский_Алиев", "МАПО_ПР№08_Аксеновский_Алиев.csproj", "{D80C1861-2488-46D5-B03C-2BF880A9C02B}"
EndProject
Global
	GlobalSection(SolutionConfigurationPlatforms) = preSolution
		Debug|Any CPU = Debug|Any CPU
		Release|Any CPU = Release|Any CPU
	EndGlobalSection
	GlobalSection(ProjectConfigurationPlatforms) = postSolution
		{D80C1861-2488-46D5-B03C-2BF880A9C02B}.Debug|Any CPU.ActiveCfg = Debug|Any CPU
		{D80C1861-2488-46D5-B03C-2BF880A9C02B}.Debug|Any CPU.Build.0 = Debug|Any CPU
		{D80C1861-2488-46D5-B03C-2BF880A9C02B}.Release|Any CPU.ActiveCfg = Release|Any CPU
		{D80C1861-2488-46D5-B03C-2BF880A9C02B}.Release|Any CPU.Build.0 = Release|Any CPU
	EndGlobalSection
	GlobalSection(SolutionProperties) = preSolution
		HideSolutionNode = FALSE
	EndGlobalSection
	GlobalSection(ExtensibilityGlobals) = postSolution
		SolutionGuid = {FC00425D-993D-44B0-8BB1-3E5169C7CB7A}
	EndGlobalSection
EndGlobal
